// !$*UTF8*$!
{
	archiveVersion = 1;
	classes = {
	};
	objectVersion = 48;
	objects = {

/* Begin PBXBuildFile section */
		0A2B30C3208E2BE200A6C6D1 /* GoogleService-Info.plist in Resources */ = {isa = PBXBuildFile; fileRef = 0A2B30C2208E2BE100A6C6D1 /* GoogleService-Info.plist */; };
		0A60BA002089036F00EFF4E6 /* AppNavBar.swift in Sources */ = {isa = PBXBuildFile; fileRef = 0A60B9FF2089036F00EFF4E6 /* AppNavBar.swift */; };
		0A60BA022089038A00EFF4E6 /* LoginViewController.swift in Sources */ = {isa = PBXBuildFile; fileRef = 0A60BA012089038A00EFF4E6 /* LoginViewController.swift */; };
		0A60BA042089039D00EFF4E6 /* Password.swift in Sources */ = {isa = PBXBuildFile; fileRef = 0A60BA032089039C00EFF4E6 /* Password.swift */; };
		0A60BA06208903CD00EFF4E6 /* PasswordCell.swift in Sources */ = {isa = PBXBuildFile; fileRef = 0A60BA05208903CD00EFF4E6 /* PasswordCell.swift */; };
		0A60BA08208903E000EFF4E6 /* PasswordViewController.swift in Sources */ = {isa = PBXBuildFile; fileRef = 0A60BA07208903E000EFF4E6 /* PasswordViewController.swift */; };
		0A69F0B02089015600C2A85C /* AppDelegate.swift in Sources */ = {isa = PBXBuildFile; fileRef = 0A69F0AF2089015600C2A85C /* AppDelegate.swift */; };
		0A69F0B52089015600C2A85C /* Main.storyboard in Resources */ = {isa = PBXBuildFile; fileRef = 0A69F0B32089015600C2A85C /* Main.storyboard */; };
		0A69F0B72089015600C2A85C /* Assets.xcassets in Resources */ = {isa = PBXBuildFile; fileRef = 0A69F0B62089015600C2A85C /* Assets.xcassets */; };
		0A69F0BA2089015600C2A85C /* LaunchScreen.storyboard in Resources */ = {isa = PBXBuildFile; fileRef = 0A69F0B82089015600C2A85C /* LaunchScreen.storyboard */; };
		1027D3E4448BDAE7E3D37363 /* Pods_PasswordKeeperLaesch.framework in Frameworks */ = {isa = PBXBuildFile; fileRef = 9E49CF9C9987F7F4CFA269B8 /* Pods_PasswordKeeperLaesch.framework */; };
/* End PBXBuildFile section */

/* Begin PBXFileReference section */
		0A2B30C2208E2BE100A6C6D1 /* GoogleService-Info.plist */ = {isa = PBXFileReference; fileEncoding = 4; lastKnownFileType = text.plist.xml; name = "GoogleService-Info.plist"; path = "../../../../Downloads/GoogleService-Info.plist"; sourceTree = "<group>"; };
		0A60B9FF2089036F00EFF4E6 /* AppNavBar.swift */ = {isa = PBXFileReference; fileEncoding = 4; lastKnownFileType = sourcecode.swift; name = AppNavBar.swift; path = "../../PasswordKeeper/Password Keeper/Password Keeper/AppNavBar.swift"; sourceTree = "<group>"; };
		0A60BA012089038A00EFF4E6 /* LoginViewController.swift */ = {isa = PBXFileReference; fileEncoding = 4; lastKnownFileType = sourcecode.swift; name = LoginViewController.swift; path = "../../PasswordKeeper/Password Keeper/Password Keeper/LoginViewController.swift"; sourceTree = "<group>"; };
		0A60BA032089039C00EFF4E6 /* Password.swift */ = {isa = PBXFileReference; fileEncoding = 4; lastKnownFileType = sourcecode.swift; name = Password.swift; path = "/Users/csse/Documents/iOS/PasswordKeeperLaesch/PasswordKeeperLaesch/../../PasswordKeeper/Password Keeper/Password Keeper/Password.swift"; sourceTree = "<absolute>"; };
		0A60BA05208903CD00EFF4E6 /* PasswordCell.swift */ = {isa = PBXFileReference; fileEncoding = 4; lastKnownFileType = sourcecode.swift; name = PasswordCell.swift; path = "../../PasswordKeeper/Password Keeper/Password Keeper/PasswordCell.swift"; sourceTree = "<group>"; };
		0A60BA07208903E000EFF4E6 /* PasswordViewController.swift */ = {isa = PBXFileReference; fileEncoding = 4; lastKnownFileType = sourcecode.swift; name = PasswordViewController.swift; path = "../../PasswordKeeper/Password Keeper/Password Keeper/PasswordViewController.swift"; sourceTree = "<group>"; };
		0A69F0AC2089015600C2A85C /* PasswordKeeperLaesch.app */ = {isa = PBXFileReference; explicitFileType = wrapper.application; includeInIndex = 0; path = PasswordKeeperLaesch.app; sourceTree = BUILT_PRODUCTS_DIR; };
		0A69F0AF2089015600C2A85C /* AppDelegate.swift */ = {isa = PBXFileReference; lastKnownFileType = sourcecode.swift; path = AppDelegate.swift; sourceTree = "<group>"; };
		0A69F0B42089015600C2A85C /* Base */ = {isa = PBXFileReference; lastKnownFileType = file.storyboard; name = Base; path = Base.lproj/Main.storyboard; sourceTree = "<group>"; };
		0A69F0B62089015600C2A85C /* Assets.xcassets */ = {isa = PBXFileReference; lastKnownFileType = folder.assetcatalog; path = Assets.xcassets; sourceTree = "<group>"; };
		0A69F0B92089015600C2A85C /* Base */ = {isa = PBXFileReference; lastKnownFileType = file.storyboard; name = Base; path = Base.lproj/LaunchScreen.storyboard; sourceTree = "<group>"; };
		0A69F0BB2089015600C2A85C /* Info.plist */ = {isa = PBXFileReference; lastKnownFileType = text.plist.xml; path = Info.plist; sourceTree = "<group>"; };
		5F4CCA126737F958ACA96C51 /* Pods-PasswordKeeperLaesch.debug.xcconfig */ = {isa = PBXFileReference; includeInIndex = 1; lastKnownFileType = text.xcconfig; name = "Pods-PasswordKeeperLaesch.debug.xcconfig"; path = "Pods/Target Support Files/Pods-PasswordKeeperLaesch/Pods-PasswordKeeperLaesch.debug.xcconfig"; sourceTree = "<group>"; };
		7529B54A89B07606C14B52F9 /* Pods-PasswordKeeperLaesch.release.xcconfig */ = {isa = PBXFileReference; includeInIndex = 1; lastKnownFileType = text.xcconfig; name = "Pods-PasswordKeeperLaesch.release.xcconfig"; path = "Pods/Target Support Files/Pods-PasswordKeeperLaesch/Pods-PasswordKeeperLaesch.release.xcconfig"; sourceTree = "<group>"; };
		9E49CF9C9987F7F4CFA269B8 /* Pods_PasswordKeeperLaesch.framework */ = {isa = PBXFileReference; explicitFileType = wrapper.framework; includeInIndex = 0; path = Pods_PasswordKeeperLaesch.framework; sourceTree = BUILT_PRODUCTS_DIR; };
/* End PBXFileReference section */

/* Begin PBXFrameworksBuildPhase section */
		0A69F0A92089015600C2A85C /* Frameworks */ = {
			isa = PBXFrameworksBuildPhase;
			buildActionMask = 2147483647;
			files = (
				1027D3E4448BDAE7E3D37363 /* Pods_PasswordKeeperLaesch.framework in Frameworks */,
			);
			runOnlyForDeploymentPostprocessing = 0;
		};
/* End PBXFrameworksBuildPhase section */

/* Begin PBXGroup section */
		0A69F0A32089015600C2A85C = {
			isa = PBXGroup;
			children = (
				0A69F0AE2089015600C2A85C /* PasswordKeeperLaesch */,
				0A69F0AD2089015600C2A85C /* Products */,
				37510CD415E740ADD350045E /* Pods */,
				85223C5207F5F6BB2925C207 /* Frameworks */,
			);
			sourceTree = "<group>";
		};
		0A69F0AD2089015600C2A85C /* Products */ = {
			isa = PBXGroup;
			children = (
				0A69F0AC2089015600C2A85C /* PasswordKeeperLaesch.app */,
			);
			name = Products;
			sourceTree = "<group>";
		};
		0A69F0AE2089015600C2A85C /* PasswordKeeperLaesch */ = {
			isa = PBXGroup;
			children = (
				0A69F0AF2089015600C2A85C /* AppDelegate.swift */,
				0A69F0B32089015600C2A85C /* Main.storyboard */,
				0A60B9FF2089036F00EFF4E6 /* AppNavBar.swift */,
				0A60BA032089039C00EFF4E6 /* Password.swift */,
				0A69F0B62089015600C2A85C /* Assets.xcassets */,
				0A60BA05208903CD00EFF4E6 /* PasswordCell.swift */,
				0A60BA07208903E000EFF4E6 /* PasswordViewController.swift */,
				0A60BA012089038A00EFF4E6 /* LoginViewController.swift */,
				0A2B30C2208E2BE100A6C6D1 /* GoogleService-Info.plist */,
				0A69F0B82089015600C2A85C /* LaunchScreen.storyboard */,
				0A69F0BB2089015600C2A85C /* Info.plist */,
			);
			path = PasswordKeeperLaesch;
			sourceTree = "<group>";
		};
		37510CD415E740ADD350045E /* Pods */ = {
			isa = PBXGroup;
			children = (
				5F4CCA126737F958ACA96C51 /* Pods-PasswordKeeperLaesch.debug.xcconfig */,
				7529B54A89B07606C14B52F9 /* Pods-PasswordKeeperLaesch.release.xcconfig */,
			);
			name = Pods;
			sourceTree = "<group>";
		};
		85223C5207F5F6BB2925C207 /* Frameworks */ = {
			isa = PBXGroup;
			children = (
				9E49CF9C9987F7F4CFA269B8 /* Pods_PasswordKeeperLaesch.framework */,
			);
			name = Frameworks;
			sourceTree = "<group>";
		};
/* End PBXGroup section */

/* Begin PBXNativeTarget section */
		0A69F0AB2089015600C2A85C /* PasswordKeeperLaesch */ = {
			isa = PBXNativeTarget;
			buildConfigurationList = 0A69F0BE2089015600C2A85C /* Build configuration list for PBXNativeTarget "PasswordKeeperLaesch" */;
			buildPhases = (
				D6AEBAC73C5408C99D28A83F /* [CP] Check Pods Manifest.lock */,
				0A69F0A82089015600C2A85C /* Sources */,
				0A69F0A92089015600C2A85C /* Frameworks */,
				0A69F0AA2089015600C2A85C /* Resources */,
				403F5D7DF9B65B6821F909CF /* [CP] Embed Pods Frameworks */,
				2BAC5157CCD2A7408D6EE590 /* [CP] Copy Pods Resources */,
			);
			buildRules = (
			);
			dependencies = (
			);
			name = PasswordKeeperLaesch;
			productName = PasswordKeeperLaesch;
			productReference = 0A69F0AC2089015600C2A85C /* PasswordKeeperLaesch.app */;
			productType = "com.apple.product-type.application";
		};
/* End PBXNativeTarget section */

/* Begin PBXProject section */
		0A69F0A42089015600C2A85C /* Project object */ = {
			isa = PBXProject;
			attributes = {
				LastSwiftUpdateCheck = 0920;
				LastUpgradeCheck = 0920;
				ORGANIZATIONNAME = "Rose-Hulman";
				TargetAttributes = {
					0A69F0AB2089015600C2A85C = {
						CreatedOnToolsVersion = 9.2;
						ProvisioningStyle = Automatic;
					};
				};
			};
			buildConfigurationList = 0A69F0A72089015600C2A85C /* Build configuration list for PBXProject "PasswordKeeperLaesch" */;
			compatibilityVersion = "Xcode 8.0";
			developmentRegion = en;
			hasScannedForEncodings = 0;
			knownRegions = (
				en,
				Base,
			);
			mainGroup = 0A69F0A32089015600C2A85C;
			productRefGroup = 0A69F0AD2089015600C2A85C /* Products */;
			projectDirPath = "";
			projectRoot = "";
			targets = (
				0A69F0AB2089015600C2A85C /* PasswordKeeperLaesch */,
			);
		};
/* End PBXProject section */

/* Begin PBXResourcesBuildPhase section */
		0A69F0AA2089015600C2A85C /* Resources */ = {
			isa = PBXResourcesBuildPhase;
			buildActionMask = 2147483647;
			files = (
				0A69F0BA2089015600C2A85C /* LaunchScreen.storyboard in Resources */,
				0A2B30C3208E2BE200A6C6D1 /* GoogleService-Info.plist in Resources */,
				0A69F0B72089015600C2A85C /* Assets.xcassets in Resources */,
				0A69F0B52089015600C2A85C /* Main.storyboard in Resources */,
			);
			runOnlyForDeploymentPostprocessing = 0;
		};
/* End PBXResourcesBuildPhase section */

/* Begin PBXShellScriptBuildPhase section */
		2BAC5157CCD2A7408D6EE590 /* [CP] Copy Pods Resources */ = {
			isa = PBXShellScriptBuildPhase;
			buildActionMask = 2147483647;
			files = (
			);
			inputPaths = (
			);
			name = "[CP] Copy Pods Resources";
			outputPaths = (
			);
			runOnlyForDeploymentPostprocessing = 0;
			shellPath = /bin/sh;
			shellScript = "\"${SRCROOT}/Pods/Target Support Files/Pods-PasswordKeeperLaesch/Pods-PasswordKeeperLaesch-resources.sh\"\n";
			showEnvVarsInLog = 0;
		};
		403F5D7DF9B65B6821F909CF /* [CP] Embed Pods Frameworks */ = {
			isa = PBXShellScriptBuildPhase;
			buildActionMask = 2147483647;
			files = (
			);
			inputPaths = (
				"${SRCROOT}/Pods/Target Support Files/Pods-PasswordKeeperLaesch/Pods-PasswordKeeperLaesch-frameworks.sh",
				"${BUILT_PRODUCTS_DIR}/BoringSSL/openssl.framework",
				"${BUILT_PRODUCTS_DIR}/FoldingCell/FoldingCell.framework",
				"${BUILT_PRODUCTS_DIR}/GTMSessionFetcher/GTMSessionFetcher.framework",
				"${BUILT_PRODUCTS_DIR}/GoogleToolboxForMac/GoogleToolboxForMac.framework",
				"${BUILT_PRODUCTS_DIR}/Material/Material.framework",
				"${BUILT_PRODUCTS_DIR}/Motion/Motion.framework",
				"${BUILT_PRODUCTS_DIR}/Protobuf/Protobuf.framework",
				"${BUILT_PRODUCTS_DIR}/gRPC/GRPCClient.framework",
				"${BUILT_PRODUCTS_DIR}/gRPC-Core/grpc.framework",
				"${BUILT_PRODUCTS_DIR}/gRPC-ProtoRPC/ProtoRPC.framework",
				"${BUILT_PRODUCTS_DIR}/gRPC-RxLibrary/RxLibrary.framework",
				"${BUILT_PRODUCTS_DIR}/leveldb-library/leveldb.framework",
				"${BUILT_PRODUCTS_DIR}/nanopb/nanopb.framework",
			);
			name = "[CP] Embed Pods Frameworks";
			outputPaths = (
				"${TARGET_BUILD_DIR}/${FRAMEWORKS_FOLDER_PATH}/openssl.framework",
				"${TARGET_BUILD_DIR}/${FRAMEWORKS_FOLDER_PATH}/FoldingCell.framework",
				"${TARGET_BUILD_DIR}/${FRAMEWORKS_FOLDER_PATH}/GTMSessionFetcher.framework",
				"${TARGET_BUILD_DIR}/${FRAMEWORKS_FOLDER_PATH}/GoogleToolboxForMac.framework",
				"${TARGET_BUILD_DIR}/${FRAMEWORKS_FOLDER_PATH}/Material.framework",
				"${TARGET_BUILD_DIR}/${FRAMEWORKS_FOLDER_PATH}/Motion.framework",
				"${TARGET_BUILD_DIR}/${FRAMEWORKS_FOLDER_PATH}/Protobuf.framework",
				"${TARGET_BUILD_DIR}/${FRAMEWORKS_FOLDER_PATH}/GRPCClient.framework",
				"${TARGET_BUILD_DIR}/${FRAMEWORKS_FOLDER_PATH}/grpc.framework",
				"${TARGET_BUILD_DIR}/${FRAMEWORKS_FOLDER_PATH}/ProtoRPC.framework",
				"${TARGET_BUILD_DIR}/${FRAMEWORKS_FOLDER_PATH}/RxLibrary.framework",
				"${TARGET_BUILD_DIR}/${FRAMEWORKS_FOLDER_PATH}/leveldb.framework",
				"${TARGET_BUILD_DIR}/${FRAMEWORKS_FOLDER_PATH}/nanopb.framework",
			);
			runOnlyForDeploymentPostprocessing = 0;
			shellPath = /bin/sh;
			shellScript = "\"${SRCROOT}/Pods/Target Support Files/Pods-PasswordKeeperLaesch/Pods-PasswordKeeperLaesch-frameworks.sh\"\n";
			showEnvVarsInLog = 0;
		};
		D6AEBAC73C5408C99D28A83F /* [CP] Check Pods Manifest.lock */ = {
			isa = PBXShellScriptBuildPhase;
			buildActionMask = 2147483647;
			files = (
			);
			inputPaths = (
				"${PODS_PODFILE_DIR_PATH}/Podfile.lock",
				"${PODS_ROOT}/Manifest.lock",
			);
			name = "[CP] Check Pods Manifest.lock";
			outputPaths = (
				"$(DERIVED_FILE_DIR)/Pods-PasswordKeeperLaesch-checkManifestLockResult.txt",
			);
			runOnlyForDeploymentPostprocessing = 0;
			shellPath = /bin/sh;
			shellScript = "diff \"${PODS_PODFILE_DIR_PATH}/Podfile.lock\" \"${PODS_ROOT}/Manifest.lock\" > /dev/null\nif [ $? != 0 ] ; then\n    # print error to STDERR\n    echo \"error: The sandbox is not in sync with the Podfile.lock. Run 'pod install' or update your CocoaPods installation.\" >&2\n    exit 1\nfi\n# This output is used by Xcode 'outputs' to avoid re-running this script phase.\necho \"SUCCESS\" > \"${SCRIPT_OUTPUT_FILE_0}\"\n";
			showEnvVarsInLog = 0;
		};
/* End PBXShellScriptBuildPhase section */

/* Begin PBXSourcesBuildPhase section */
		0A69F0A82089015600C2A85C /* Sources */ = {
			isa = PBXSourcesBuildPhase;
			buildActionMask = 2147483647;
			files = (
				0A60BA022089038A00EFF4E6 /* LoginViewController.swift in Sources */,
				0A60BA002089036F00EFF4E6 /* AppNavBar.swift in Sources */,
				0A60BA042089039D00EFF4E6 /* Password.swift in Sources */,
				0A69F0B02089015600C2A85C /* AppDelegate.swift in Sources */,
				0A60BA06208903CD00EFF4E6 /* PasswordCell.swift in Sources */,
				0A60BA08208903E000EFF4E6 /* PasswordViewController.swift in Sources */,
			);
			runOnlyForDeploymentPostprocessing = 0;
		};
/* End PBXSourcesBuildPhase section */

/* Begin PBXVariantGroup section */
		0A69F0B32089015600C2A85C /* Main.storyboard */ = {
			isa = PBXVariantGroup;
			children = (
				0A69F0B42089015600C2A85C /* Base */,
			);
			name = Main.storyboard;
			sourceTree = "<group>";
		};
		0A69F0B82089015600C2A85C /* LaunchScreen.storyboard */ = {
			isa = PBXVariantGroup;
			children = (
				0A69F0B92089015600C2A85C /* Base */,
			);
			name = LaunchScreen.storyboard;
			sourceTree = "<group>";
		};
/* End PBXVariantGroup section */

/* Begin XCBuildConfiguration section */
		0A69F0BC2089015600C2A85C /* Debug */ = {
			isa = XCBuildConfiguration;
			buildSettings = {
				ALWAYS_SEARCH_USER_PATHS = NO;
				CLANG_ANALYZER_NONNULL = YES;
				CLANG_ANALYZER_NUMBER_OBJECT_CONVERSION = YES_AGGRESSIVE;
				CLANG_CXX_LANGUAGE_STANDARD = "gnu++14";
				CLANG_CXX_LIBRARY = "libc++";
				CLANG_ENABLE_MODULES = YES;
				CLANG_ENABLE_OBJC_ARC = YES;
				CLANG_WARN_BLOCK_CAPTURE_AUTORELEASING = YES;
				CLANG_WARN_BOOL_CONVERSION = YES;
				CLANG_WARN_COMMA = YES;
				CLANG_WARN_CONSTANT_CONVERSION = YES;
				CLANG_WARN_DIRECT_OBJC_ISA_USAGE = YES_ERROR;
				CLANG_WARN_DOCUMENTATION_COMMENTS = YES;
				CLANG_WARN_EMPTY_BODY = YES;
				CLANG_WARN_ENUM_CONVERSION = YES;
				CLANG_WARN_INFINITE_RECURSION = YES;
				CLANG_WARN_INT_CONVERSION = YES;
				CLANG_WARN_NON_LITERAL_NULL_CONVERSION = YES;
				CLANG_WARN_OBJC_LITERAL_CONVERSION = YES;
				CLANG_WARN_OBJC_ROOT_CLASS = YES_ERROR;
				CLANG_WARN_RANGE_LOOP_ANALYSIS = YES;
				CLANG_WARN_STRICT_PROTOTYPES = YES;
				CLANG_WARN_SUSPICIOUS_MOVE = YES;
				CLANG_WARN_UNGUARDED_AVAILABILITY = YES_AGGRESSIVE;
				CLANG_WARN_UNREACHABLE_CODE = YES;
				CLANG_WARN__DUPLICATE_METHOD_MATCH = YES;
				CODE_SIGN_IDENTITY = "iPhone Developer";
				COPY_PHASE_STRIP = NO;
				DEBUG_INFORMATION_FORMAT = dwarf;
				ENABLE_STRICT_OBJC_MSGSEND = YES;
				ENABLE_TESTABILITY = YES;
				GCC_C_LANGUAGE_STANDARD = gnu11;
				GCC_DYNAMIC_NO_PIC = NO;
				GCC_NO_COMMON_BLOCKS = YES;
				GCC_OPTIMIZATION_LEVEL = 0;
				GCC_PREPROCESSOR_DEFINITIONS = (
					"DEBUG=1",
					"$(inherited)",
				);
				GCC_WARN_64_TO_32_BIT_CONVERSION = YES;
				GCC_WARN_ABOUT_RETURN_TYPE = YES_ERROR;
				GCC_WARN_UNDECLARED_SELECTOR = YES;
				GCC_WARN_UNINITIALIZED_AUTOS = YES_AGGRESSIVE;
				GCC_WARN_UNUSED_FUNCTION = YES;
				GCC_WARN_UNUSED_VARIABLE = YES;
				IPHONEOS_DEPLOYMENT_TARGET = 11.2;
				MTL_ENABLE_DEBUG_INFO = YES;
				ONLY_ACTIVE_ARCH = YES;
				SDKROOT = iphoneos;
				SWIFT_ACTIVE_COMPILATION_CONDITIONS = DEBUG;
				SWIFT_OPTIMIZATION_LEVEL = "-Onone";
			};
			name = Debug;
		};
		0A69F0BD2089015600C2A85C /* Release */ = {
			isa = XCBuildConfiguration;
			buildSettings = {
				ALWAYS_SEARCH_USER_PATHS = NO;
				CLANG_ANALYZER_NONNULL = YES;
				CLANG_ANALYZER_NUMBER_OBJECT_CONVERSION = YES_AGGRESSIVE;
				CLANG_CXX_LANGUAGE_STANDARD = "gnu++14";
				CLANG_CXX_LIBRARY = "libc++";
				CLANG_ENABLE_MODULES = YES;
				CLANG_ENABLE_OBJC_ARC = YES;
				CLANG_WARN_BLOCK_CAPTURE_AUTORELEASING = YES;
				CLANG_WARN_BOOL_CONVERSION = YES;
				CLANG_WARN_COMMA = YES;
				CLANG_WARN_CONSTANT_CONVERSION = YES;
				CLANG_WARN_DIRECT_OBJC_ISA_USAGE = YES_ERROR;
				CLANG_WARN_DOCUMENTATION_COMMENTS = YES;
				CLANG_WARN_EMPTY_BODY = YES;
				CLANG_WARN_ENUM_CONVERSION = YES;
				CLANG_WARN_INFINITE_RECURSION = YES;
				CLANG_WARN_INT_CONVERSION = YES;
				CLANG_WARN_NON_LITERAL_NULL_CONVERSION = YES;
				CLANG_WARN_OBJC_LITERAL_CONVERSION = YES;
				CLANG_WARN_OBJC_ROOT_CLASS = YES_ERROR;
				CLANG_WARN_RANGE_LOOP_ANALYSIS = YES;
				CLANG_WARN_STRICT_PROTOTYPES = YES;
				CLANG_WARN_SUSPICIOUS_MOVE = YES;
				CLANG_WARN_UNGUARDED_AVAILABILITY = YES_AGGRESSIVE;
				CLANG_WARN_UNREACHABLE_CODE = YES;
				CLANG_WARN__DUPLICATE_METHOD_MATCH = YES;
				CODE_SIGN_IDENTITY = "iPhone Developer";
				COPY_PHASE_STRIP = NO;
				DEBUG_INFORMATION_FORMAT = "dwarf-with-dsym";
				ENABLE_NS_ASSERTIONS = NO;
				ENABLE_STRICT_OBJC_MSGSEND = YES;
				GCC_C_LANGUAGE_STANDARD = gnu11;
				GCC_NO_COMMON_BLOCKS = YES;
				GCC_WARN_64_TO_32_BIT_CONVERSION = YES;
				GCC_WARN_ABOUT_RETURN_TYPE = YES_ERROR;
				GCC_WARN_UNDECLARED_SELECTOR = YES;
				GCC_WARN_UNINITIALIZED_AUTOS = YES_AGGRESSIVE;
				GCC_WARN_UNUSED_FUNCTION = YES;
				GCC_WARN_UNUSED_VARIABLE = YES;
				IPHONEOS_DEPLOYMENT_TARGET = 11.2;
				MTL_ENABLE_DEBUG_INFO = NO;
				SDKROOT = iphoneos;
				SWIFT_OPTIMIZATION_LEVEL = "-Owholemodule";
				VALIDATE_PRODUCT = YES;
			};
			name = Release;
		};
		0A69F0BF2089015600C2A85C /* Debug */ = {
			isa = XCBuildConfiguration;
			baseConfigurationReference = 5F4CCA126737F958ACA96C51 /* Pods-PasswordKeeperLaesch.debug.xcconfig */;
			buildSettings = {
				ASSETCATALOG_COMPILER_APPICON_NAME = AppIcon;
				CODE_SIGN_STYLE = Automatic;
				DEVELOPMENT_TEAM = F562U49B59;
				INFOPLIST_FILE = PasswordKeeperLaesch/Info.plist;
				LD_RUNPATH_SEARCH_PATHS = "$(inherited) @executable_path/Frameworks";
				PRODUCT_BUNDLE_IDENTIFIER = edu.rosehulman.laeschjs.PasswordKeeperLaesch;
				PRODUCT_NAME = "$(TARGET_NAME)";
				SWIFT_VERSION = 4.0;
				TARGETED_DEVICE_FAMILY = "1,2";
			};
			name = Debug;
		};
		0A69F0C02089015600C2A85C /* Release */ = {
			isa = XCBuildConfiguration;
			baseConfigurationReference = 7529B54A89B07606C14B52F9 /* Pods-PasswordKeeperLaesch.release.xcconfig */;
			buildSettings = {
				ASSETCATALOG_COMPILER_APPICON_NAME = AppIcon;
				CODE_SIGN_STYLE = Automatic;
				DEVELOPMENT_TEAM = F562U49B59;
				INFOPLIST_FILE = PasswordKeeperLaesch/Info.plist;
				LD_RUNPATH_SEARCH_PATHS = "$(inherited) @executable_path/Frameworks";
				PRODUCT_BUNDLE_IDENTIFIER = edu.rosehulman.laeschjs.PasswordKeeperLaesch;
				PRODUCT_NAME = "$(TARGET_NAME)";
				SWIFT_VERSION = 4.0;
				TARGETED_DEVICE_FAMILY = "1,2";
			};
			name = Release;
		};
/* End XCBuildConfiguration section */

/* Begin XCConfigurationList section */
		0A69F0A72089015600C2A85C /* Build configuration list for PBXProject "PasswordKeeperLaesch" */ = {
			isa = XCConfigurationList;
			buildConfigurations = (
				0A69F0BC2089015600C2A85C /* Debug */,
				0A69F0BD2089015600C2A85C /* Release */,
			);
			defaultConfigurationIsVisible = 0;
			defaultConfigurationName = Release;
		};
		0A69F0BE2089015600C2A85C /* Build configuration list for PBXNativeTarget "PasswordKeeperLaesch" */ = {
			isa = XCConfigurationList;
			buildConfigurations = (
				0A69F0BF2089015600C2A85C /* Debug */,
				0A69F0C02089015600C2A85C /* Release */,
			);
			defaultConfigurationIsVisible = 0;
			defaultConfigurationName = Release;
		};
/* End XCConfigurationList section */
	};
	rootObject = 0A69F0A42089015600C2A85C /* Project object */;
}
